// !$*UTF8*$!
{
	archiveVersion = 1;
	classes = {
	};
	objectVersion = 56;
	objects = {

/* Begin PBXBuildFile section */
		8D73ECAF28C2513D00D8D3DF /* CoffeeOrdersApp.swift in Sources */ = {isa = PBXBuildFile; fileRef = 8D73ECAE28C2513D00D8D3DF /* CoffeeOrdersApp.swift */; };
		8D73ECB128C2513D00D8D3DF /* ContentView.swift in Sources */ = {isa = PBXBuildFile; fileRef = 8D73ECB028C2513D00D8D3DF /* ContentView.swift */; };
		8D73ECB328C2513E00D8D3DF /* Assets.xcassets in Resources */ = {isa = PBXBuildFile; fileRef = 8D73ECB228C2513E00D8D3DF /* Assets.xcassets */; };
		8D73ECB628C2513E00D8D3DF /* Preview Assets.xcassets in Resources */ = {isa = PBXBuildFile; fileRef = 8D73ECB528C2513E00D8D3DF /* Preview Assets.xcassets */; };
		8D73ECBE28C251C800D8D3DF /* OrderService.swift in Sources */ = {isa = PBXBuildFile; fileRef = 8D73ECBD28C251C800D8D3DF /* OrderService.swift */; };
		8D73ECC128C2522200D8D3DF /* Order.swift in Sources */ = {isa = PBXBuildFile; fileRef = 8D73ECC028C2522200D8D3DF /* Order.swift */; };
		CE20EE0B295350260012EEE1 /* CoffeeOrdersTests.swift in Sources */ = {isa = PBXBuildFile; fileRef = CE20EE0A295350260012EEE1 /* CoffeeOrdersTests.swift */; };
		CE20EE14295365CC0012EEE1 /* AddCoffeeView.swift in Sources */ = {isa = PBXBuildFile; fileRef = CE20EE13295365CC0012EEE1 /* AddCoffeeView.swift */; };
		CE20EE172953666A0012EEE1 /* CoffeeSize.swift in Sources */ = {isa = PBXBuildFile; fileRef = CE20EE162953666A0012EEE1 /* CoffeeSize.swift */; };
		CE20EE1A295375F70012EEE1 /* View+Extension.swift in Sources */ = {isa = PBXBuildFile; fileRef = CE20EE19295375F70012EEE1 /* View+Extension.swift */; };
		CE20EE1C2953868D0012EEE1 /* String+Extension.swift in Sources */ = {isa = PBXBuildFile; fileRef = CE20EE1B2953868D0012EEE1 /* String+Extension.swift */; };
		CE4B9947295254580034F502 /* Constants.swift in Sources */ = {isa = PBXBuildFile; fileRef = CE4B9946295254580034F502 /* Constants.swift */; };
		CE4B994A295259AE0034F502 /* CoffeeModel.swift in Sources */ = {isa = PBXBuildFile; fileRef = CE4B9949295259AE0034F502 /* CoffeeModel.swift */; };
		CE4B994D295265890034F502 /* CoffeeListView.swift in Sources */ = {isa = PBXBuildFile; fileRef = CE4B994C295265890034F502 /* CoffeeListView.swift */; };
		CE4B994F2952679F0034F502 /* OrderCellView.swift in Sources */ = {isa = PBXBuildFile; fileRef = CE4B994E2952679F0034F502 /* OrderCellView.swift */; };
		CE4B9952295268EC0034F502 /* NumberFormatter+Extension.swift in Sources */ = {isa = PBXBuildFile; fileRef = CE4B9951295268EC0034F502 /* NumberFormatter+Extension.swift */; };
		CE4B995429526A300034F502 /* AppEnvironment.swift in Sources */ = {isa = PBXBuildFile; fileRef = CE4B995329526A300034F502 /* AppEnvironment.swift */; };
/* End PBXBuildFile section */

/* Begin PBXContainerItemProxy section */
		CE20EE0E295350260012EEE1 /* PBXContainerItemProxy */ = {
			isa = PBXContainerItemProxy;
			containerPortal = 8D73ECA328C2513C00D8D3DF /* Project object */;
			proxyType = 1;
			remoteGlobalIDString = 8D73ECAA28C2513C00D8D3DF;
			remoteInfo = CoffeeOrders;
		};
/* End PBXContainerItemProxy section */

/* Begin PBXFileReference section */
		8D73ECAB28C2513C00D8D3DF /* CoffeeOrders.app */ = {isa = PBXFileReference; explicitFileType = wrapper.application; includeInIndex = 0; path = CoffeeOrders.app; sourceTree = BUILT_PRODUCTS_DIR; };
		8D73ECAE28C2513D00D8D3DF /* CoffeeOrdersApp.swift */ = {isa = PBXFileReference; lastKnownFileType = sourcecode.swift; path = CoffeeOrdersApp.swift; sourceTree = "<group>"; };
		8D73ECB028C2513D00D8D3DF /* ContentView.swift */ = {isa = PBXFileReference; lastKnownFileType = sourcecode.swift; path = ContentView.swift; sourceTree = "<group>"; };
		8D73ECB228C2513E00D8D3DF /* Assets.xcassets */ = {isa = PBXFileReference; lastKnownFileType = folder.assetcatalog; path = Assets.xcassets; sourceTree = "<group>"; };
		8D73ECB528C2513E00D8D3DF /* Preview Assets.xcassets */ = {isa = PBXFileReference; lastKnownFileType = folder.assetcatalog; path = "Preview Assets.xcassets"; sourceTree = "<group>"; };
		8D73ECBD28C251C800D8D3DF /* OrderService.swift */ = {isa = PBXFileReference; lastKnownFileType = sourcecode.swift; path = OrderService.swift; sourceTree = "<group>"; };
		8D73ECC028C2522200D8D3DF /* Order.swift */ = {isa = PBXFileReference; lastKnownFileType = sourcecode.swift; path = Order.swift; sourceTree = "<group>"; };
		CE20EE08295350260012EEE1 /* CoffeeOrdersE2ETests.xctest */ = {isa = PBXFileReference; explicitFileType = wrapper.cfbundle; includeInIndex = 0; path = CoffeeOrdersE2ETests.xctest; sourceTree = BUILT_PRODUCTS_DIR; };
		CE20EE0A295350260012EEE1 /* CoffeeOrdersTests.swift */ = {isa = PBXFileReference; lastKnownFileType = sourcecode.swift; path = CoffeeOrdersTests.swift; sourceTree = "<group>"; };
		CE20EE13295365CC0012EEE1 /* AddCoffeeView.swift */ = {isa = PBXFileReference; lastKnownFileType = sourcecode.swift; path = AddCoffeeView.swift; sourceTree = "<group>"; };
		CE20EE162953666A0012EEE1 /* CoffeeSize.swift */ = {isa = PBXFileReference; lastKnownFileType = sourcecode.swift; path = CoffeeSize.swift; sourceTree = "<group>"; };
		CE20EE19295375F70012EEE1 /* View+Extension.swift */ = {isa = PBXFileReference; lastKnownFileType = sourcecode.swift; path = "View+Extension.swift"; sourceTree = "<group>"; };
		CE20EE1B2953868D0012EEE1 /* String+Extension.swift */ = {isa = PBXFileReference; lastKnownFileType = sourcecode.swift; path = "String+Extension.swift"; sourceTree = "<group>"; };
		CE4B9946295254580034F502 /* Constants.swift */ = {isa = PBXFileReference; lastKnownFileType = sourcecode.swift; path = Constants.swift; sourceTree = "<group>"; };
		CE4B9949295259AE0034F502 /* CoffeeModel.swift */ = {isa = PBXFileReference; lastKnownFileType = sourcecode.swift; path = CoffeeModel.swift; sourceTree = "<group>"; };
		CE4B994C295265890034F502 /* CoffeeListView.swift */ = {isa = PBXFileReference; lastKnownFileType = sourcecode.swift; path = CoffeeListView.swift; sourceTree = "<group>"; };
		CE4B994E2952679F0034F502 /* OrderCellView.swift */ = {isa = PBXFileReference; lastKnownFileType = sourcecode.swift; path = OrderCellView.swift; sourceTree = "<group>"; };
		CE4B9951295268EC0034F502 /* NumberFormatter+Extension.swift */ = {isa = PBXFileReference; lastKnownFileType = sourcecode.swift; path = "NumberFormatter+Extension.swift"; sourceTree = "<group>"; };
		CE4B995329526A300034F502 /* AppEnvironment.swift */ = {isa = PBXFileReference; lastKnownFileType = sourcecode.swift; path = AppEnvironment.swift; sourceTree = "<group>"; };
/* End PBXFileReference section */

/* Begin PBXFrameworksBuildPhase section */
		8D73ECA828C2513C00D8D3DF /* Frameworks */ = {
			isa = PBXFrameworksBuildPhase;
			buildActionMask = 2147483647;
			files = (
			);
			runOnlyForDeploymentPostprocessing = 0;
		};
		CE20EE05295350260012EEE1 /* Frameworks */ = {
			isa = PBXFrameworksBuildPhase;
			buildActionMask = 2147483647;
			files = (
			);
			runOnlyForDeploymentPostprocessing = 0;
		};
/* End PBXFrameworksBuildPhase section */

/* Begin PBXGroup section */
		8D73ECA228C2513C00D8D3DF = {
			isa = PBXGroup;
			children = (
				8D73ECAD28C2513C00D8D3DF /* CoffeeOrders */,
				CE20EE09295350260012EEE1 /* CoffeeOrdersE2ETests */,
				8D73ECAC28C2513C00D8D3DF /* Products */,
			);
			sourceTree = "<group>";
		};
		8D73ECAC28C2513C00D8D3DF /* Products */ = {
			isa = PBXGroup;
			children = (
				8D73ECAB28C2513C00D8D3DF /* CoffeeOrders.app */,
				CE20EE08295350260012EEE1 /* CoffeeOrdersE2ETests.xctest */,
			);
			name = Products;
			sourceTree = "<group>";
		};
		8D73ECAD28C2513C00D8D3DF /* CoffeeOrders */ = {
			isa = PBXGroup;
			children = (
				CE4B99502952689C0034F502 /* Extensions */,
				CE4B9945295254370034F502 /* Utils */,
				CE4B9948295254C90034F502 /* Order */,
				8D73ECAE28C2513D00D8D3DF /* CoffeeOrdersApp.swift */,
				8D73ECB028C2513D00D8D3DF /* ContentView.swift */,
				8D73ECB228C2513E00D8D3DF /* Assets.xcassets */,
				8D73ECB428C2513E00D8D3DF /* Preview Content */,
			);
			path = CoffeeOrders;
			sourceTree = "<group>";
		};
		8D73ECB428C2513E00D8D3DF /* Preview Content */ = {
			isa = PBXGroup;
			children = (
				8D73ECB528C2513E00D8D3DF /* Preview Assets.xcassets */,
			);
			path = "Preview Content";
			sourceTree = "<group>";
		};
		8D73ECBC28C251BE00D8D3DF /* Services */ = {
			isa = PBXGroup;
			children = (
				8D73ECBD28C251C800D8D3DF /* OrderService.swift */,
			);
			path = Services;
			sourceTree = "<group>";
		};
		8D73ECBF28C2521400D8D3DF /* Models */ = {
			isa = PBXGroup;
			children = (
				8D73ECC028C2522200D8D3DF /* Order.swift */,
				CE4B9949295259AE0034F502 /* CoffeeModel.swift */,
			);
			path = Models;
			sourceTree = "<group>";
		};
		CE20EE09295350260012EEE1 /* CoffeeOrdersE2ETests */ = {
			isa = PBXGroup;
			children = (
				CE20EE0A295350260012EEE1 /* CoffeeOrdersTests.swift */,
			);
			path = CoffeeOrdersE2ETests;
			sourceTree = "<group>";
		};
		CE20EE152953665B0012EEE1 /* Enums */ = {
			isa = PBXGroup;
			children = (
				CE20EE162953666A0012EEE1 /* CoffeeSize.swift */,
			);
			path = Enums;
			sourceTree = "<group>";
		};
		CE20EE18295366820012EEE1 /* Subviews */ = {
			isa = PBXGroup;
			children = (
				CE4B994E2952679F0034F502 /* OrderCellView.swift */,
			);
			path = Subviews;
			sourceTree = "<group>";
		};
		CE4B9945295254370034F502 /* Utils */ = {
			isa = PBXGroup;
			children = (
				CE4B9946295254580034F502 /* Constants.swift */,
				CE4B995329526A300034F502 /* AppEnvironment.swift */,
			);
			path = Utils;
			sourceTree = "<group>";
		};
		CE4B9948295254C90034F502 /* Order */ = {
			isa = PBXGroup;
			children = (
				CE20EE152953665B0012EEE1 /* Enums */,
				CE4B994B29525A790034F502 /* Views */,
				8D73ECBF28C2521400D8D3DF /* Models */,
				8D73ECBC28C251BE00D8D3DF /* Services */,
			);
			path = Order;
			sourceTree = "<group>";
		};
		CE4B994B29525A790034F502 /* Views */ = {
			isa = PBXGroup;
			children = (
				CE20EE18295366820012EEE1 /* Subviews */,
				CE4B994C295265890034F502 /* CoffeeListView.swift */,
				CE20EE13295365CC0012EEE1 /* AddCoffeeView.swift */,
			);
			path = Views;
			sourceTree = "<group>";
		};
		CE4B99502952689C0034F502 /* Extensions */ = {
			isa = PBXGroup;
			children = (
				CE4B9951295268EC0034F502 /* NumberFormatter+Extension.swift */,
				CE20EE19295375F70012EEE1 /* View+Extension.swift */,
				CE20EE1B2953868D0012EEE1 /* String+Extension.swift */,
			);
			path = Extensions;
			sourceTree = "<group>";
		};
/* End PBXGroup section */

/* Begin PBXNativeTarget section */
		8D73ECAA28C2513C00D8D3DF /* CoffeeOrders */ = {
			isa = PBXNativeTarget;
			buildConfigurationList = 8D73ECB928C2513E00D8D3DF /* Build configuration list for PBXNativeTarget "CoffeeOrders" */;
			buildPhases = (
				8D73ECA728C2513C00D8D3DF /* Sources */,
				8D73ECA828C2513C00D8D3DF /* Frameworks */,
				8D73ECA928C2513C00D8D3DF /* Resources */,
			);
			buildRules = (
			);
			dependencies = (
			);
			name = CoffeeOrders;
			productName = HelloCoffee;
			productReference = 8D73ECAB28C2513C00D8D3DF /* CoffeeOrders.app */;
			productType = "com.apple.product-type.application";
		};
		CE20EE07295350260012EEE1 /* CoffeeOrdersE2ETests */ = {
			isa = PBXNativeTarget;
			buildConfigurationList = CE20EE10295350260012EEE1 /* Build configuration list for PBXNativeTarget "CoffeeOrdersE2ETests" */;
			buildPhases = (
				CE20EE04295350260012EEE1 /* Sources */,
				CE20EE05295350260012EEE1 /* Frameworks */,
				CE20EE06295350260012EEE1 /* Resources */,
			);
			buildRules = (
			);
			dependencies = (
				CE20EE0F295350260012EEE1 /* PBXTargetDependency */,
			);
			name = CoffeeOrdersE2ETests;
			productName = CoffeeOrdersE2ETests;
			productReference = CE20EE08295350260012EEE1 /* CoffeeOrdersE2ETests.xctest */;
			productType = "com.apple.product-type.bundle.ui-testing";
		};
/* End PBXNativeTarget section */

/* Begin PBXProject section */
		8D73ECA328C2513C00D8D3DF /* Project object */ = {
			isa = PBXProject;
			attributes = {
				BuildIndependentTargetsInParallel = 1;
				LastSwiftUpdateCheck = 1410;
				LastUpgradeCheck = 1400;
				TargetAttributes = {
					8D73ECAA28C2513C00D8D3DF = {
						CreatedOnToolsVersion = 14.0;
					};
					CE20EE07295350260012EEE1 = {
						CreatedOnToolsVersion = 14.1;
						TestTargetID = 8D73ECAA28C2513C00D8D3DF;
					};
				};
			};
			buildConfigurationList = 8D73ECA628C2513C00D8D3DF /* Build configuration list for PBXProject "CoffeeOrders" */;
			compatibilityVersion = "Xcode 14.0";
			developmentRegion = en;
			hasScannedForEncodings = 0;
			knownRegions = (
				en,
				Base,
			);
			mainGroup = 8D73ECA228C2513C00D8D3DF;
			productRefGroup = 8D73ECAC28C2513C00D8D3DF /* Products */;
			projectDirPath = "";
			projectRoot = "";
			targets = (
				8D73ECAA28C2513C00D8D3DF /* CoffeeOrders */,
				CE20EE07295350260012EEE1 /* CoffeeOrdersE2ETests */,
			);
		};
/* End PBXProject section */

/* Begin PBXResourcesBuildPhase section */
		8D73ECA928C2513C00D8D3DF /* Resources */ = {
			isa = PBXResourcesBuildPhase;
			buildActionMask = 2147483647;
			files = (
				8D73ECB628C2513E00D8D3DF /* Preview Assets.xcassets in Resources */,
				8D73ECB328C2513E00D8D3DF /* Assets.xcassets in Resources */,
			);
			runOnlyForDeploymentPostprocessing = 0;
		};
		CE20EE06295350260012EEE1 /* Resources */ = {
			isa = PBXResourcesBuildPhase;
			buildActionMask = 2147483647;
			files = (
			);
			runOnlyForDeploymentPostprocessing = 0;
		};
/* End PBXResourcesBuildPhase section */

/* Begin PBXSourcesBuildPhase section */
		8D73ECA728C2513C00D8D3DF /* Sources */ = {
			isa = PBXSourcesBuildPhase;
			buildActionMask = 2147483647;
			files = (
				CE4B9947295254580034F502 /* Constants.swift in Sources */,
				CE4B994D295265890034F502 /* CoffeeListView.swift in Sources */,
				CE20EE172953666A0012EEE1 /* CoffeeSize.swift in Sources */,
				8D73ECB128C2513D00D8D3DF /* ContentView.swift in Sources */,
				8D73ECAF28C2513D00D8D3DF /* CoffeeOrdersApp.swift in Sources */,
				8D73ECC128C2522200D8D3DF /* Order.swift in Sources */,
				CE4B995429526A300034F502 /* AppEnvironment.swift in Sources */,
				CE4B994F2952679F0034F502 /* OrderCellView.swift in Sources */,
				CE20EE1C2953868D0012EEE1 /* String+Extension.swift in Sources */,
				8D73ECBE28C251C800D8D3DF /* OrderService.swift in Sources */,
				CE4B994A295259AE0034F502 /* CoffeeModel.swift in Sources */,
				CE20EE1A295375F70012EEE1 /* View+Extension.swift in Sources */,
				CE20EE14295365CC0012EEE1 /* AddCoffeeView.swift in Sources */,
				CE4B9952295268EC0034F502 /* NumberFormatter+Extension.swift in Sources */,
			);
			runOnlyForDeploymentPostprocessing = 0;
		};
		CE20EE04295350260012EEE1 /* Sources */ = {
			isa = PBXSourcesBuildPhase;
			buildActionMask = 2147483647;
			files = (
				CE20EE0B295350260012EEE1 /* CoffeeOrdersTests.swift in Sources */,
			);
			runOnlyForDeploymentPostprocessing = 0;
		};
/* End PBXSourcesBuildPhase section */

/* Begin PBXTargetDependency section */
		CE20EE0F295350260012EEE1 /* PBXTargetDependency */ = {
			isa = PBXTargetDependency;
			target = 8D73ECAA28C2513C00D8D3DF /* CoffeeOrders */;
			targetProxy = CE20EE0E295350260012EEE1 /* PBXContainerItemProxy */;
		};
/* End PBXTargetDependency section */

/* Begin XCBuildConfiguration section */
		8D73ECB728C2513E00D8D3DF /* Debug */ = {
			isa = XCBuildConfiguration;
			buildSettings = {
				ALWAYS_SEARCH_USER_PATHS = NO;
				CLANG_ANALYZER_NONNULL = YES;
				CLANG_ANALYZER_NUMBER_OBJECT_CONVERSION = YES_AGGRESSIVE;
				CLANG_CXX_LANGUAGE_STANDARD = "gnu++20";
				CLANG_ENABLE_MODULES = YES;
				CLANG_ENABLE_OBJC_ARC = YES;
				CLANG_ENABLE_OBJC_WEAK = YES;
				CLANG_WARN_BLOCK_CAPTURE_AUTORELEASING = YES;
				CLANG_WARN_BOOL_CONVERSION = YES;
				CLANG_WARN_COMMA = YES;
				CLANG_WARN_CONSTANT_CONVERSION = YES;
				CLANG_WARN_DEPRECATED_OBJC_IMPLEMENTATIONS = YES;
				CLANG_WARN_DIRECT_OBJC_ISA_USAGE = YES_ERROR;
				CLANG_WARN_DOCUMENTATION_COMMENTS = YES;
				CLANG_WARN_EMPTY_BODY = YES;
				CLANG_WARN_ENUM_CONVERSION = YES;
				CLANG_WARN_INFINITE_RECURSION = YES;
				CLANG_WARN_INT_CONVERSION = YES;
				CLANG_WARN_NON_LITERAL_NULL_CONVERSION = YES;
				CLANG_WARN_OBJC_IMPLICIT_RETAIN_SELF = YES;
				CLANG_WARN_OBJC_LITERAL_CONVERSION = YES;
				CLANG_WARN_OBJC_ROOT_CLASS = YES_ERROR;
				CLANG_WARN_QUOTED_INCLUDE_IN_FRAMEWORK_HEADER = YES;
				CLANG_WARN_RANGE_LOOP_ANALYSIS = YES;
				CLANG_WARN_STRICT_PROTOTYPES = YES;
				CLANG_WARN_SUSPICIOUS_MOVE = YES;
				CLANG_WARN_UNGUARDED_AVAILABILITY = YES_AGGRESSIVE;
				CLANG_WARN_UNREACHABLE_CODE = YES;
				CLANG_WARN__DUPLICATE_METHOD_MATCH = YES;
				COPY_PHASE_STRIP = NO;
				DEBUG_INFORMATION_FORMAT = dwarf;
				ENABLE_STRICT_OBJC_MSGSEND = YES;
				ENABLE_TESTABILITY = YES;
				GCC_C_LANGUAGE_STANDARD = gnu11;
				GCC_DYNAMIC_NO_PIC = NO;
				GCC_NO_COMMON_BLOCKS = YES;
				GCC_OPTIMIZATION_LEVEL = 0;
				GCC_PREPROCESSOR_DEFINITIONS = (
					"DEBUG=1",
					"$(inherited)",
				);
				GCC_WARN_64_TO_32_BIT_CONVERSION = YES;
				GCC_WARN_ABOUT_RETURN_TYPE = YES_ERROR;
				GCC_WARN_UNDECLARED_SELECTOR = YES;
				GCC_WARN_UNINITIALIZED_AUTOS = YES_AGGRESSIVE;
				GCC_WARN_UNUSED_FUNCTION = YES;
				GCC_WARN_UNUSED_VARIABLE = YES;
				IPHONEOS_DEPLOYMENT_TARGET = 16.0;
				MTL_ENABLE_DEBUG_INFO = INCLUDE_SOURCE;
				MTL_FAST_MATH = YES;
				ONLY_ACTIVE_ARCH = YES;
				SDKROOT = iphoneos;
				SWIFT_ACTIVE_COMPILATION_CONDITIONS = DEBUG;
				SWIFT_OPTIMIZATION_LEVEL = "-Onone";
			};
			name = Debug;
		};
		8D73ECB828C2513E00D8D3DF /* Release */ = {
			isa = XCBuildConfiguration;
			buildSettings = {
				ALWAYS_SEARCH_USER_PATHS = NO;
				CLANG_ANALYZER_NONNULL = YES;
				CLANG_ANALYZER_NUMBER_OBJECT_CONVERSION = YES_AGGRESSIVE;
				CLANG_CXX_LANGUAGE_STANDARD = "gnu++20";
				CLANG_ENABLE_MODULES = YES;
				CLANG_ENABLE_OBJC_ARC = YES;
				CLANG_ENABLE_OBJC_WEAK = YES;
				CLANG_WARN_BLOCK_CAPTURE_AUTORELEASING = YES;
				CLANG_WARN_BOOL_CONVERSION = YES;
				CLANG_WARN_COMMA = YES;
				CLANG_WARN_CONSTANT_CONVERSION = YES;
				CLANG_WARN_DEPRECATED_OBJC_IMPLEMENTATIONS = YES;
				CLANG_WARN_DIRECT_OBJC_ISA_USAGE = YES_ERROR;
				CLANG_WARN_DOCUMENTATION_COMMENTS = YES;
				CLANG_WARN_EMPTY_BODY = YES;
				CLANG_WARN_ENUM_CONVERSION = YES;
				CLANG_WARN_INFINITE_RECURSION = YES;
				CLANG_WARN_INT_CONVERSION = YES;
				CLANG_WARN_NON_LITERAL_NULL_CONVERSION = YES;
				CLANG_WARN_OBJC_IMPLICIT_RETAIN_SELF = YES;
				CLANG_WARN_OBJC_LITERAL_CONVERSION = YES;
				CLANG_WARN_OBJC_ROOT_CLASS = YES_ERROR;
				CLANG_WARN_QUOTED_INCLUDE_IN_FRAMEWORK_HEADER = YES;
				CLANG_WARN_RANGE_LOOP_ANALYSIS = YES;
				CLANG_WARN_STRICT_PROTOTYPES = YES;
				CLANG_WARN_SUSPICIOUS_MOVE = YES;
				CLANG_WARN_UNGUARDED_AVAILABILITY = YES_AGGRESSIVE;
				CLANG_WARN_UNREACHABLE_CODE = YES;
				CLANG_WARN__DUPLICATE_METHOD_MATCH = YES;
				COPY_PHASE_STRIP = NO;
				DEBUG_INFORMATION_FORMAT = "dwarf-with-dsym";
				ENABLE_NS_ASSERTIONS = NO;
				ENABLE_STRICT_OBJC_MSGSEND = YES;
				GCC_C_LANGUAGE_STANDARD = gnu11;
				GCC_NO_COMMON_BLOCKS = YES;
				GCC_WARN_64_TO_32_BIT_CONVERSION = YES;
				GCC_WARN_ABOUT_RETURN_TYPE = YES_ERROR;
				GCC_WARN_UNDECLARED_SELECTOR = YES;
				GCC_WARN_UNINITIALIZED_AUTOS = YES_AGGRESSIVE;
				GCC_WARN_UNUSED_FUNCTION = YES;
				GCC_WARN_UNUSED_VARIABLE = YES;
				IPHONEOS_DEPLOYMENT_TARGET = 16.0;
				MTL_ENABLE_DEBUG_INFO = NO;
				MTL_FAST_MATH = YES;
				SDKROOT = iphoneos;
				SWIFT_COMPILATION_MODE = wholemodule;
				SWIFT_OPTIMIZATION_LEVEL = "-O";
				VALIDATE_PRODUCT = YES;
			};
			name = Release;
		};
		8D73ECBA28C2513E00D8D3DF /* Debug */ = {
			isa = XCBuildConfiguration;
			buildSettings = {
				ASSETCATALOG_COMPILER_APPICON_NAME = AppIcon;
				ASSETCATALOG_COMPILER_GLOBAL_ACCENT_COLOR_NAME = AccentColor;
				CODE_SIGN_STYLE = Automatic;
				CURRENT_PROJECT_VERSION = 1;
				DEVELOPMENT_ASSET_PATHS = "\"CoffeeOrders/Preview Content\"";
				DEVELOPMENT_TEAM = 765KFNJ7PQ;
				ENABLE_PREVIEWS = YES;
				GENERATE_INFOPLIST_FILE = YES;
				INFOPLIST_KEY_UIApplicationSceneManifest_Generation = YES;
				INFOPLIST_KEY_UIApplicationSupportsIndirectInputEvents = YES;
				INFOPLIST_KEY_UILaunchScreen_Generation = YES;
				INFOPLIST_KEY_UISupportedInterfaceOrientations_iPad = "UIInterfaceOrientationPortrait UIInterfaceOrientationPortraitUpsideDown UIInterfaceOrientationLandscapeLeft UIInterfaceOrientationLandscapeRight";
				INFOPLIST_KEY_UISupportedInterfaceOrientations_iPhone = "UIInterfaceOrientationPortrait UIInterfaceOrientationLandscapeLeft UIInterfaceOrientationLandscapeRight";
				LD_RUNPATH_SEARCH_PATHS = (
					"$(inherited)",
					"@executable_path/Frameworks",
				);
				MARKETING_VERSION = 1.0;
				PRODUCT_BUNDLE_IDENTIFIER = com.aledev.CoffeeOrders;
				PRODUCT_NAME = "$(TARGET_NAME)";
				SWIFT_EMIT_LOC_STRINGS = YES;
				SWIFT_VERSION = 5.0;
				TARGETED_DEVICE_FAMILY = "1,2";
			};
			name = Debug;
		};
		8D73ECBB28C2513E00D8D3DF /* Release */ = {
			isa = XCBuildConfiguration;
			buildSettings = {
				ASSETCATALOG_COMPILER_APPICON_NAME = AppIcon;
				ASSETCATALOG_COMPILER_GLOBAL_ACCENT_COLOR_NAME = AccentColor;
				CODE_SIGN_STYLE = Automatic;
				CURRENT_PROJECT_VERSION = 1;
				DEVELOPMENT_ASSET_PATHS = "\"CoffeeOrders/Preview Content\"";
				DEVELOPMENT_TEAM = 765KFNJ7PQ;
				ENABLE_PREVIEWS = YES;
				GENERATE_INFOPLIST_FILE = YES;
				INFOPLIST_KEY_UIApplicationSceneManifest_Generation = YES;
				INFOPLIST_KEY_UIApplicationSupportsIndirectInputEvents = YES;
				INFOPLIST_KEY_UILaunchScreen_Generation = YES;
				INFOPLIST_KEY_UISupportedInterfaceOrientations_iPad = "UIInterfaceOrientationPortrait UIInterfaceOrientationPortraitUpsideDown UIInterfaceOrientationLandscapeLeft UIInterfaceOrientationLandscapeRight";
				INFOPLIST_KEY_UISupportedInterfaceOrientations_iPhone = "UIInterfaceOrientationPortrait UIInterfaceOrientationLandscapeLeft UIInterfaceOrientationLandscapeRight";
				LD_RUNPATH_SEARCH_PATHS = (
					"$(inherited)",
					"@executable_path/Frameworks",
				);
				MARKETING_VERSION = 1.0;
				PRODUCT_BUNDLE_IDENTIFIER = com.aledev.CoffeeOrders;
				PRODUCT_NAME = "$(TARGET_NAME)";
				SWIFT_EMIT_LOC_STRINGS = YES;
				SWIFT_VERSION = 5.0;
				TARGETED_DEVICE_FAMILY = "1,2";
			};
			name = Release;
		};
		CE20EE11295350260012EEE1 /* Debug */ = {
			isa = XCBuildConfiguration;
			buildSettings = {
				CODE_SIGN_STYLE = Automatic;
				CURRENT_PROJECT_VERSION = 1;
				DEVELOPMENT_TEAM = 765KFNJ7PQ;
				GENERATE_INFOPLIST_FILE = YES;
				IPHONEOS_DEPLOYMENT_TARGET = 16.1;
				MARKETING_VERSION = 1.0;
				PRODUCT_BUNDLE_IDENTIFIER = aledev.CoffeeOrdersE2ETests;
				PRODUCT_NAME = "$(TARGET_NAME)";
				SWIFT_EMIT_LOC_STRINGS = NO;
				SWIFT_VERSION = 5.0;
				TARGETED_DEVICE_FAMILY = "1,2";
				TEST_TARGET_NAME = CoffeeOrders;
			};
			name = Debug;
		};
		CE20EE12295350260012EEE1 /* Release */ = {
			isa = XCBuildConfiguration;
			buildSettings = {
				CODE_SIGN_STYLE = Automatic;
				CURRENT_PROJECT_VERSION = 1;
				DEVELOPMENT_TEAM = 765KFNJ7PQ;
				GENERATE_INFOPLIST_FILE = YES;
				IPHONEOS_DEPLOYMENT_TARGET = 16.1;
				MARKETING_VERSION = 1.0;
				PRODUCT_BUNDLE_IDENTIFIER = aledev.CoffeeOrdersE2ETests;
				PRODUCT_NAME = "$(TARGET_NAME)";
				SWIFT_EMIT_LOC_STRINGS = NO;
				SWIFT_VERSION = 5.0;
				TARGETED_DEVICE_FAMILY = "1,2";
				TEST_TARGET_NAME = CoffeeOrders;
			};
			name = Release;
		};
/* End XCBuildConfiguration section */

/* Begin XCConfigurationList section */
		8D73ECA628C2513C00D8D3DF /* Build configuration list for PBXProject "CoffeeOrders" */ = {
			isa = XCConfigurationList;
			buildConfigurations = (
				8D73ECB728C2513E00D8D3DF /* Debug */,
				8D73ECB828C2513E00D8D3DF /* Release */,
			);
			defaultConfigurationIsVisible = 0;
			defaultConfigurationName = Release;
		};
		8D73ECB928C2513E00D8D3DF /* Build configuration list for PBXNativeTarget "CoffeeOrders" */ = {
			isa = XCConfigurationList;
			buildConfigurations = (
				8D73ECBA28C2513E00D8D3DF /* Debug */,
				8D73ECBB28C2513E00D8D3DF /* Release */,
			);
			defaultConfigurationIsVisible = 0;
			defaultConfigurationName = Release;
		};
		CE20EE10295350260012EEE1 /* Build configuration list for PBXNativeTarget "CoffeeOrdersE2ETests" */ = {
			isa = XCConfigurationList;
			buildConfigurations = (
				CE20EE11295350260012EEE1 /* Debug */,
				CE20EE12295350260012EEE1 /* Release */,
			);
			defaultConfigurationIsVisible = 0;
			defaultConfigurationName = Release;
		};
/* End XCConfigurationList section */
	};
	rootObject = 8D73ECA328C2513C00D8D3DF /* Project object */;
}
